<?xml version="1.0" encoding="utf-8"?>
<Project ToolsVersion="4.0" xmlns="http://schemas.microsoft.com/developer/msbuild/2003">
  <ItemGroup>
    <Filter Include="Source Files">
      <UniqueIdentifier>{4FC737F1-C7A5-4376-A066-2A32D752A2FF}</UniqueIdentifier>
      <Extensions>cpp;c;cc;cxx;def;odl;idl;hpj;bat;asm;asmx</Extensions>
    </Filter>
    <Filter Include="Source Files\DirectX">
      <UniqueIdentifier>{3bfee7ec-cb75-49e7-be24-79a433065c3d}</UniqueIdentifier>
    </Filter>
    <Filter Include="Header Files">
      <UniqueIdentifier>{93995380-89BD-4b04-88EB-625FBE52EBFB}</UniqueIdentifier>
      <Extensions>h;hpp;hxx;hm;inl;inc;xsd</Extensions>
    </Filter>
    <Filter Include="Header Files\DirectX">
      <UniqueIdentifier>{3b34aa8c-3ca3-46ea-99da-fbdba7c8fb36}</UniqueIdentifier>
    </Filter>
    <Filter Include="Header Files\Interfaces">
      <UniqueIdentifier>{6da6f5dc-d593-4f0d-8058-43e4289f2a6e}</UniqueIdentifier>
    </Filter>
    <Filter Include="Resource Files">
      <UniqueIdentifier>{67DA6AB6-F800-4c08-8B7A-83BB121AAD01}</UniqueIdentifier>
      <Extensions>rc;ico;cur;bmp;dlg;rc2;rct;bin;rgs;gif;jpg;jpeg;jpe;resx;tiff;tif;png;wav;lvl</Extensions>
    </Filter>
    <Filter Include="Resource Files\Audio">
      <UniqueIdentifier>{2ab6417a-fc98-498c-ade8-a02a3c0a20da}</UniqueIdentifier>
    </Filter>
    <Filter Include="Resource Files\Images">
      <UniqueIdentifier>{d7f09171-3c6e-4d17-918c-ef0ea649a99a}</UniqueIdentifier>
    </Filter>
    <Filter Include="Resource Files\Levels">
      <UniqueIdentifier>{144740e4-8807-4f9d-9bc1-323d3c22bccd}</UniqueIdentifier>
    </Filter>
    <Filter Include="Source Files\SDL">
      <UniqueIdentifier>{45ebe1c2-3d13-4c53-96dc-47789ade7c00}</UniqueIdentifier>
    </Filter>
    <Filter Include="Header Files\SDL">
      <UniqueIdentifier>{7c2a0b3b-1b4f-4d73-8e0c-04caa095e369}</UniqueIdentifier>
    </Filter>
  </ItemGroup>
  <ItemGroup>
    <ClCompile Include="cAnimatedSprite.cpp">
      <Filter>Source Files</Filter>
    </ClCompile>
    <ClCompile Include="cAudioManager.cpp">
      <Filter>Source Files</Filter>
    </ClCompile>
    <ClCompile Include="cAvatar.cpp">
      <Filter>Source Files</Filter>
    </ClCompile>
    <ClCompile Include="cColor.cpp">
      <Filter>Source Files</Filter>
    </ClCompile>
    <ClCompile Include="cCredits.cpp">
      <Filter>Source Files</Filter>
    </ClCompile>
    <ClCompile Include="cDoor.cpp">
      <Filter>Source Files</Filter>
    </ClCompile>
    <ClCompile Include="cFileManager.cpp">
      <Filter>Source Files</Filter>
    </ClCompile>
    <ClCompile Include="cFontSheet.cpp">
      <Filter>Source Files</Filter>
    </ClCompile>
    <ClCompile Include="cGame.cpp">
      <Filter>Source Files</Filter>
    </ClCompile>
    <ClCompile Include="cGraphicsManager.cpp">
      <Filter>Source Files</Filter>
    </ClCompile>
    <ClCompile Include="cImage.cpp">
      <Filter>Source Files</Filter>
    </ClCompile>
    <ClCompile Include="cInputManager.cpp">
      <Filter>Source Files</Filter>
    </ClCompile>
    <ClCompile Include="cInputManagerRaw.cpp">
      <Filter>Source Files</Filter>
    </ClCompile>
    <ClCompile Include="cLargeBox.cpp">
      <Filter>Source Files</Filter>
    </ClCompile>
    <ClCompile Include="cLevelMap.cpp">
      <Filter>Source Files</Filter>
    </ClCompile>
    <ClCompile Include="cMediumBox.cpp">
      <Filter>Source Files</Filter>
    </ClCompile>
    <ClCompile Include="cMenu.cpp">
      <Filter>Source Files</Filter>
    </ClCompile>
    <ClCompile Include="cNagScreen.cpp">
      <Filter>Source Files</Filter>
    </ClCompile>
    <ClCompile Include="cRect.cpp">
      <Filter>Source Files</Filter>
    </ClCompile>
    <ClCompile Include="cScoreScreen.cpp">
      <Filter>Source Files</Filter>
    </ClCompile>
    <ClCompile Include="cScrollingText.cpp">
      <Filter>Source Files</Filter>
    </ClCompile>
    <ClCompile Include="cSecret.cpp">
      <Filter>Source Files</Filter>
    </ClCompile>
    <ClCompile Include="cSmallBox.cpp">
      <Filter>Source Files</Filter>
    </ClCompile>
    <ClCompile Include="cSprite.cpp">
      <Filter>Source Files</Filter>
    </ClCompile>
    <ClCompile Include="cTileSet.cpp">
      <Filter>Source Files</Filter>
    </ClCompile>
    <ClCompile Include="cTimer.cpp">
      <Filter>Source Files</Filter>
    </ClCompile>
    <ClCompile Include="WinMain.cpp">
      <Filter>Source Files</Filter>
    </ClCompile>
    <ClCompile Include="cAudioManagerDX.cpp">
      <Filter>Source Files\DirectX</Filter>
    </ClCompile>
    <ClCompile Include="cCanvasDX.cpp">
      <Filter>Source Files\DirectX</Filter>
    </ClCompile>
    <ClCompile Include="cGraphicsManagerDX.cpp">
      <Filter>Source Files\DirectX</Filter>
    </ClCompile>
    <ClCompile Include="cInputManagerDX.cpp">
      <Filter>Source Files\DirectX</Filter>
    </ClCompile>
    <ClCompile Include="dsutil.cpp">
      <Filter>Source Files\DirectX</Filter>
    </ClCompile>
    <ClCompile Include="cInputManagerSDL.cpp">
      <Filter>Source Files\SDL</Filter>
    </ClCompile>
    <ClCompile Include="cGraphicsManagerSDL.cpp">
      <Filter>Source Files\SDL</Filter>
    </ClCompile>
    <ClCompile Include="cCanvasSDL.cpp">
      <Filter>Source Files\SDL</Filter>
    </ClCompile>
    <ClCompile Include="cWindowManager.cpp">
      <Filter>Source Files</Filter>
    </ClCompile>
    <ClCompile Include="cWindowManagerDX.cpp">
      <Filter>Source Files\DirectX</Filter>
    </ClCompile>
    <ClCompile Include="cWindowMangerSDL.cpp">
      <Filter>Source Files\SDL</Filter>
    </ClCompile>
  </ItemGroup>
  <ItemGroup>
    <ClInclude Include="cAnimatedSprite.h">
      <Filter>Header Files</Filter>
    </ClInclude>
    <ClInclude Include="cAudioManager.h">
      <Filter>Header Files</Filter>
    </ClInclude>
    <ClInclude Include="cAvatar.h">
      <Filter>Header Files</Filter>
    </ClInclude>
    <ClInclude Include="cColor.h">
      <Filter>Header Files</Filter>
    </ClInclude>
    <ClInclude Include="cCredits.h">
      <Filter>Header Files</Filter>
    </ClInclude>
    <ClInclude Include="cDoor.h">
      <Filter>Header Files</Filter>
    </ClInclude>
    <ClInclude Include="cFileManager.h">
      <Filter>Header Files</Filter>
    </ClInclude>
    <ClInclude Include="cFontSheet.h">
      <Filter>Header Files</Filter>
    </ClInclude>
    <ClInclude Include="cGame.h">
      <Filter>Header Files</Filter>
    </ClInclude>
    <ClInclude Include="cGraphicsManager.h">
      <Filter>Header Files</Filter>
    </ClInclude>
    <ClInclude Include="cImage.h">
      <Filter>Header Files</Filter>
    </ClInclude>
    <ClInclude Include="cInputManager.h">
      <Filter>Header Files</Filter>
    </ClInclude>
    <ClInclude Include="cInputManagerRaw.h">
      <Filter>Header Files</Filter>
    </ClInclude>
    <ClInclude Include="cLargeBox.h">
      <Filter>Header Files</Filter>
    </ClInclude>
    <ClInclude Include="cLevelMap.h">
      <Filter>Header Files</Filter>
    </ClInclude>
    <ClInclude Include="cMediumBox.h">
      <Filter>Header Files</Filter>
    </ClInclude>
    <ClInclude Include="cMenu.h">
      <Filter>Header Files</Filter>
    </ClInclude>
    <ClInclude Include="cNagScreen.h">
      <Filter>Header Files</Filter>
    </ClInclude>
    <ClInclude Include="cRect.h">
      <Filter>Header Files</Filter>
    </ClInclude>
    <ClInclude Include="cScoreScreen.h">
      <Filter>Header Files</Filter>
    </ClInclude>
    <ClInclude Include="cScrollingText.h">
      <Filter>Header Files</Filter>
    </ClInclude>
    <ClInclude Include="cSecret.h">
      <Filter>Header Files</Filter>
    </ClInclude>
    <ClInclude Include="cSmallBox.h">
      <Filter>Header Files</Filter>
    </ClInclude>
    <ClInclude Include="cSprite.h">
      <Filter>Header Files</Filter>
    </ClInclude>
    <ClInclude Include="cTileSet.h">
      <Filter>Header Files</Filter>
    </ClInclude>
    <ClInclude Include="cTimer.h">
      <Filter>Header Files</Filter>
    </ClInclude>
    <ClInclude Include="Enums.h">
      <Filter>Header Files</Filter>
    </ClInclude>
    <ClInclude Include="STRUCTURES.h">
      <Filter>Header Files</Filter>
    </ClInclude>
    <ClInclude Include="cAudioManagerDX.h">
      <Filter>Header Files\DirectX</Filter>
    </ClInclude>
    <ClInclude Include="cCanvasDX.h">
      <Filter>Header Files\DirectX</Filter>
    </ClInclude>
    <ClInclude Include="cGraphicsManagerDX.h">
      <Filter>Header Files\DirectX</Filter>
    </ClInclude>
    <ClInclude Include="cInputManagerDX.h">
      <Filter>Header Files\DirectX</Filter>
    </ClInclude>
    <ClInclude Include="dsutil.h">
      <Filter>Header Files\DirectX</Filter>
    </ClInclude>
    <ClInclude Include="dxutil.h">
      <Filter>Header Files\DirectX</Filter>
    </ClInclude>
    <ClInclude Include="IAudioManager.h">
      <Filter>Header Files\Interfaces</Filter>
    </ClInclude>
    <ClInclude Include="ICanvas.h">
      <Filter>Header Files\Interfaces</Filter>
    </ClInclude>
    <ClInclude Include="IGraphicsManager.h">
      <Filter>Header Files\Interfaces</Filter>
    </ClInclude>
    <ClInclude Include="IInputManager.h">
      <Filter>Header Files\Interfaces</Filter>
    </ClInclude>
    <ClInclude Include="IObject.h">
      <Filter>Header Files\Interfaces</Filter>
    </ClInclude>
    <ClInclude Include="cInputManagerSDL.h">
      <Filter>Header Files\SDL</Filter>
    </ClInclude>
    <ClInclude Include="TYPEDEFS.h">
      <Filter>Header Files</Filter>
    </ClInclude>
    <ClInclude Include="cGraphicsManagerSDL.h">
      <Filter>Header Files\SDL</Filter>
    </ClInclude>
    <ClInclude Include="cCanvasSDL.h">
      <Filter>Header Files\SDL</Filter>
    </ClInclude>
    <ClInclude Include="IWindowManager.h">
      <Filter>Header Files\Interfaces</Filter>
    </ClInclude>
    <ClInclude Include="cWindowManager.h">
      <Filter>Header Files</Filter>
    </ClInclude>
    <ClInclude Include="cWindowManagerDX.h">
      <Filter>Header Files\DirectX</Filter>
    </ClInclude>
    <ClInclude Include="cWindowManagerSDL.h">
      <Filter>Header Files\SDL</Filter>
    </ClInclude>
  </ItemGroup>
  <ItemGroup>
    <None Include="Images\BasicTileSet.png">
      <Filter>Resource Files\Images</Filter>
    </None>
    <None Include="Images\Box.png">
      <Filter>Resource Files\Images</Filter>
    </None>
    <None Include="Images\Crawling.png">
      <Filter>Resource Files\Images</Filter>
    </None>
    <None Include="Images\Credits.png">
      <Filter>Resource Files\Images</Filter>
    </None>
    <None Include="Images\Darkness.PNG">
      <Filter>Resource Files\Images</Filter>
    </None>
    <None Include="Images\Doors.png">
      <Filter>Resource Files\Images</Filter>
    </None>
    <None Include="Images\font.png">
      <Filter>Resource Files\Images</Filter>
    </None>
    <None Include="Images\LargeBox.PNG">
      <Filter>Resource Files\Images</Filter>
    </None>
    <None Include="Images\Lever.png">
      <Filter>Resource Files\Images</Filter>
    </None>
    <None Include="Images\MediumBox.PNG">
      <Filter>Resource Files\Images</Filter>
    </None>
    <None Include="Images\Running.PNG">
      <Filter>Resource Files\Images</Filter>
    </None>
    <None Include="Images\Secret.png">
      <Filter>Resource Files\Images</Filter>
    </None>
    <None Include="Images\SmallBox.PNG">
      <Filter>Resource Files\Images</Filter>
    </None>
    <None Include="Images\Standing.PNG">
      <Filter>Resource Files\Images</Filter>
    </None>
    <None Include="Images\Switch.png">
      <Filter>Resource Files\Images</Filter>
    </None>
    <None Include="Images\Tiles.png">
      <Filter>Resource Files\Images</Filter>
    </None>
    <None Include="Images\Title Screen.png">
      <Filter>Resource Files\Images</Filter>
    </None>
    <None Include="Images\Walking.PNG">
      <Filter>Resource Files\Images</Filter>
    </None>
    <None Include="Levels\Test.lvl">
      <Filter>Resource Files\Levels</Filter>
    </None>
    <None Include="COPYING.TXT" />
    <None Include="Credits.txt" />
  </ItemGroup>
</Project>